# This file was autogenerated by uv via the following command:
#    uv export --frozen --no-dev --format requirements-txt --no-emit-project --output-file requirements.lock
aioquic==1.2.0 \
    --hash=sha256:2466499759b31ea4f1d17f4aeb1f8d4297169e05e3c1216d618c9757f4dd740d \
    --hash=sha256:3e23964dfb04526ade6e66f5b7cd0c830421b8138303ab60ba6e204015e7cb0b \
    --hash=sha256:43ae3b11d43400a620ca0b4b4885d12b76a599c2cbddba755f74bebfa65fe587 \
    --hash=sha256:84d733332927b76218a3b246216104116f766f5a9b2308ec306cd017b3049660 \
    --hash=sha256:910d8c91da86bba003d491d15deaeac3087d1b9d690b9edc1375905d8867b742 \
    --hash=sha256:cd75015462ca5070a888110dc201f35a9f4c7459f9201b77adc3c06013611bb8 \
    --hash=sha256:e3dcfb941004333d477225a6689b55fc7f905af5ee6a556eb5083be0354e653a \
    --hash=sha256:f91263bb3f71948c5c8915b4d50ee370004f20a416f67fab3dcc90556c7e7199
    # via mitmproxy
argon2-cffi==25.1.0 \
    --hash=sha256:694ae5cc8a42f4c4e2bf2ca0e64e51e23a040c6a517a85074683d3959e1346c1 \
    --hash=sha256:fdc8b074db390fccb6eb4a3604ae7231f219aa669a2652e0f20e16ba513d5741
    # via mitmproxy
argon2-cffi-bindings==25.1.0 \
    --hash=sha256:1db89609c06afa1a214a69a462ea741cf735b29a57530478c06eb81dd403de99 \
    --hash=sha256:1e021e87faa76ae0d413b619fe2b65ab9a037f24c60a1e6cc43457ae20de6dc6 \
    --hash=sha256:2630b6240b495dfab90aebe159ff784d08ea999aa4b0d17efa734055a07d2f44 \
    --hash=sha256:3c6702abc36bf3ccba3f802b799505def420a1b7039862014a65db3205967f5a \
    --hash=sha256:3d3f05610594151994ca9ccb3c771115bdb4daef161976a266f0dd8aa9996b8f \
    --hash=sha256:473bcb5f82924b1becbb637b63303ec8d10e84c8d241119419897a26116515d2 \
    --hash=sha256:7aef0c91e2c0fbca6fc68e7555aa60ef7008a739cbe045541e438373bc54d2b0 \
    --hash=sha256:84a461d4d84ae1295871329b346a97f68eade8c53b6ed9a7ca2d7467f3c8ff6f \
    --hash=sha256:87c33a52407e4c41f3b70a9c2d3f6056d88b10dad7695be708c5021673f55623 \
    --hash=sha256:8b8efee945193e667a396cbc7b4fb7d357297d6234d30a489905d96caabde56b \
    --hash=sha256:a1c70058c6ab1e352304ac7e3b52554daadacd8d453c1752e547c76e9c99ac44 \
    --hash=sha256:a98cd7d17e9f7ce244c0803cad3c23a7d379c301ba618a5fa76a67d116618b98 \
    --hash=sha256:aecba1723ae35330a008418a91ea6cfcedf6d31e5fbaa056a166462ff066d500 \
    --hash=sha256:b0fdbcf513833809c882823f98dc2f931cf659d9a1429616ac3adebb49f5db94 \
    --hash=sha256:b55aec3565b65f56455eebc9b9f34130440404f27fe21c3b375bf1ea4d8fbae6 \
    --hash=sha256:b957f3e6ea4d55d820e40ff76f450952807013d361a65d7f28acc0acbf29229d \
    --hash=sha256:ba92837e4a9aa6a508c8d2d7883ed5a8f6c308c89a4790e1e447a220deb79a85 \
    --hash=sha256:c4f9665de60b1b0e99bcd6be4f17d90339698ce954cfd8d9cf4f91c995165a92 \
    --hash=sha256:c87b72589133f0346a1cb8d5ecca4b933e3c9b64656c9d175270a000e73b288d \
    --hash=sha256:d3e924cfc503018a714f94a49a149fdc0b644eaead5d1f089330399134fa028a \
    --hash=sha256:e2fd3bfbff3c5d74fef31a722f729bf93500910db650c925c2d6ef879a7e51cb
    # via argon2-cffi
asgiref==3.11.1 \
    --hash=sha256:5f184dc43b7e763efe848065441eac62229c9f7b0475f41f80e207a114eda4ce \
    --hash=sha256:e8667a091e69529631969fd45dc268fa79b99c92c5fcdda727757e52146ec133
    # via mitmproxy
attrs==26.1.0 \
    --hash=sha256:c647aa4a12dfbad9333ca4e71fe62ddc36f4e63b2d260a37a8b83d2f043ac309 \
    --hash=sha256:d03ceb89cb322a8fd706d4fb91940737b6642aa36998fe130a9bc96c985eff32
    # via service-identity
bcrypt==5.0.0 \
    --hash=sha256:0c418ca99fd47e9c59a301744d63328f17798b5947b0f791e9af3c1c499c2d0a \
    --hash=sha256:0c8e093ea2532601a6f686edbc2c6b2ec24131ff5c52f7610dd64fa4553b5464 \
    --hash=sha256:0cae4cb350934dfd74c020525eeae0a5f79257e8a201c0c176f4b84fdbf2a4b4 \
    --hash=sha256:137c5156524328a24b9fac1cb5db0ba618bc97d11970b39184c1d87dc4bf1746 \
    --hash=sha256:200af71bc25f22006f4069060c88ed36f8aa4ff7f53e67ff04d2ab3f1e79a5b2 \
    --hash=sha256:212139484ab3207b1f0c00633d3be92fef3c5f0af17cad155679d03ff2ee1e41 \
    --hash=sha256:2b732e7d388fa22d48920baa267ba5d97cca38070b69c0e2d37087b381c681fd \
    --hash=sha256:35a77ec55b541e5e583eb3436ffbbf53b0ffa1fa16ca6782279daf95d146dcd9 \
    --hash=sha256:38cac74101777a6a7d3b3e3cfefa57089b5ada650dce2baf0cbdd9d65db22a9e \
    --hash=sha256:3abeb543874b2c0524ff40c57a4e14e5d3a66ff33fb423529c88f180fd756538 \
    --hash=sha256:3ca8a166b1140436e058298a34d88032ab62f15aae1c598580333dc21d27ef10 \
    --hash=sha256:3cf67a804fc66fc217e6914a5635000259fbbbb12e78a99488e4d5ba445a71eb \
    --hash=sha256:4870a52610537037adb382444fefd3706d96d663ac44cbb2f37e3919dca3d7ef \
    --hash=sha256:48f753100931605686f74e27a7b49238122aa761a9aefe9373265b8b7aa43ea4 \
    --hash=sha256:4bfd2a34de661f34d0bda43c3e4e79df586e4716ef401fe31ea39d69d581ef23 \
    --hash=sha256:560ddb6ec730386e7b3b26b8b4c88197aaed924430e7b74666a586ac997249ef \
    --hash=sha256:5b1589f4839a0899c146e8892efe320c0fa096568abd9b95593efac50a87cb75 \
    --hash=sha256:5feebf85a9cefda32966d8171f5db7e3ba964b77fdfe31919622256f80f9cf42 \
    --hash=sha256:611f0a17aa4a25a69362dcc299fda5c8a3d4f160e2abb3831041feb77393a14a \
    --hash=sha256:61afc381250c3182d9078551e3ac3a41da14154fbff647ddf52a769f588c4172 \
    --hash=sha256:64d7ce196203e468c457c37ec22390f1a61c85c6f0b8160fd752940ccfb3a683 \
    --hash=sha256:64ee8434b0da054d830fa8e89e1c8bf30061d539044a39524ff7dec90481e5c2 \
    --hash=sha256:741449132f64b3524e95cd30e5cd3343006ce146088f074f31ab26b94e6c75ba \
    --hash=sha256:744d3c6b164caa658adcb72cb8cc9ad9b4b75c7db507ab4bc2480474a51989da \
    --hash=sha256:79cfa161eda8d2ddf29acad370356b47f02387153b11d46042e93a0a95127493 \
    --hash=sha256:7aeef54b60ceddb6f30ee3db090351ecf0d40ec6e2abf41430997407a46d2254 \
    --hash=sha256:7f277a4b3390ab4bebe597800a90da0edae882c6196d3038a73adf446c4f969f \
    --hash=sha256:7f4c94dec1b5ab5d522750cb059bb9409ea8872d4494fd152b53cca99f1ddd8c \
    --hash=sha256:801cad5ccb6b87d1b430f183269b94c24f248dddbbc5c1f78b6ed231743e001c \
    --hash=sha256:83e787d7a84dbbfba6f250dd7a5efd689e935f03dd83b0f919d39349e1f23f83 \
    --hash=sha256:89042e61b5e808b67daf24a434d89bab164d4de1746b37a8d173b6b14f3db9ff \
    --hash=sha256:92864f54fb48b4c718fc92a32825d0e42265a627f956bc0361fe869f1adc3e7d \
    --hash=sha256:9d52ed507c2488eddd6a95bccee4e808d3234fa78dd370e24bac65a21212b861 \
    --hash=sha256:9fffdb387abe6aa775af36ef16f55e318dcda4194ddbf82007a6f21da29de8f5 \
    --hash=sha256:a28bc05039bdf3289d757f49d616ab3efe8cf40d8e8001ccdd621cd4f98f4fc9 \
    --hash=sha256:a5393eae5722bcef046a990b84dff02b954904c36a194f6cfc817d7dca6c6f0b \
    --hash=sha256:a71f70ee269671460b37a449f5ff26982a6f2ba493b3eabdd687b4bf35f875ac \
    --hash=sha256:b17366316c654e1ad0306a6858e189fc835eca39f7eb2cafd6aaca8ce0c40a2e \
    --hash=sha256:baade0a5657654c2984468efb7d6c110db87ea63ef5a4b54732e7e337253e44f \
    --hash=sha256:c2388ca94ffee269b6038d48747f4ce8df0ffbea43f31abfa18ac72f0218effb \
    --hash=sha256:c58b56cdfb03202b3bcc9fd8daee8e8e9b6d7e3163aa97c631dfcfcc24d36c86 \
    --hash=sha256:cde08734f12c6a4e28dc6755cd11d3bdfea608d93d958fffbe95a7026ebe4980 \
    --hash=sha256:d79e5c65dcc9af213594d6f7f1fa2c98ad3fc10431e7aa53c176b441943efbdd \
    --hash=sha256:d8d65b564ec849643d9f7ea05c6d9f0cd7ca23bdd4ac0c2dbef1104ab504543d \
    --hash=sha256:db99dca3b1fdc3db87d7c57eac0c82281242d1eabf19dcb8a6b10eb29a2e72d1 \
    --hash=sha256:dd19cf5184a90c873009244586396a6a884d591a5323f0e8a5922560718d4993 \
    --hash=sha256:ddb4e1500f6efdd402218ffe34d040a1196c072e07929b9820f363a1fd1f4191 \
    --hash=sha256:e3cf5b2560c7b5a142286f69bde914494b6d8f901aaa71e453078388a50881c4 \
    --hash=sha256:ed2e1365e31fc73f1825fa830f1c8f8917ca1b3ca6185773b349c20fd606cec2 \
    --hash=sha256:edfcdcedd0d0f05850c52ba3127b1fce70b9f89e0fe5ff16517df7e81fa3cbb8 \
    --hash=sha256:f0ce778135f60799d89c9693b9b398819d15f1921ba15fe719acb3178215a7db \
    --hash=sha256:f2347d3534e76bf50bca5500989d6c1d05ed64b440408057a37673282c654927 \
    --hash=sha256:f3c08197f3039bec79cee59a606d62b96b16669cff3949f21e74796b6e3cd2be \
    --hash=sha256:f632fd56fc4e61564f78b46a2269153122db34988e78b6be8b32d28507b7eaeb \
    --hash=sha256:f6984a24db30548fd39a44360532898c33528b74aedf81c26cf29c51ee47057e \
    --hash=sha256:f70aadb7a809305226daedf75d90379c397b094755a710d7014b8b117df1ebbf \
    --hash=sha256:f748f7c2d6fd375cc93d3fba7ef4a9e3a092421b8dbf34d8d4dc06be9492dfdd \
    --hash=sha256:f8429e1c410b4073944f03bd778a9e066e7fad723564a52ff91841d278dfc822 \
    --hash=sha256:fc746432b951e92b58317af8e0ca746efe93e66555f1b40888865ef5bf56446b
    # via mitmproxy
blinker==1.9.0 \
    --hash=sha256:b4ce2265a7abece45e7cc896e98dbebe6cead56bcf805a3d23136d145f5445bf \
    --hash=sha256:ba0efaa9080b619ff2f3459d1d500c57bddea4a6b424b60a91141db6fd2f08bc
    # via flask
brotli==1.2.0 \
    --hash=sha256:072e7624b1fc4d601036ab3f4f27942ef772887e876beff0301d261210bca97f \
    --hash=sha256:0cf8c3b8ba93d496b2fae778039e2f5ecc7cff99df84df337ca31d8f2252896c \
    --hash=sha256:1b1d6a4efedd53671c793be6dd760fcf2107da3a52331ad9ea429edf0902f27a \
    --hash=sha256:260d3692396e1895c5034f204f0db022c056f9e2ac841593a4cf9426e2a3faca \
    --hash=sha256:26e8d3ecb0ee458a9804f47f21b74845cc823fd1bb19f02272be70774f56e2a6 \
    --hash=sha256:3219bd9e69868e57183316ee19c84e03e8f8b5a1d1f2667e1aa8c2f91cb061ac \
    --hash=sha256:35d382625778834a7f3061b15423919aa03e4f5da34ac8e02c074e4b75ab4f84 \
    --hash=sha256:3e1b35d56856f3ed326b140d3c6d9db91740f22e14b06e840fe4bb1923439a18 \
    --hash=sha256:4ecdb3b6dc36e6d6e14d3a1bdc6c1057c8cbf80db04031d566eb6080ce283a48 \
    --hash=sha256:54a50a9dad16b32136b2241ddea9e4df159b41247b2ce6aac0b3276a66a8f1e5 \
    --hash=sha256:67a91c5187e1eec76a61625c77a6c8c785650f5b576ca732bd33ef58b0dff49c \
    --hash=sha256:6c12dad5cd04530323e723787ff762bac749a7b256a5bece32b2243dd5c27b21 \
    --hash=sha256:7547369c4392b47d30a3467fe8c3330b4f2e0f7730e45e3103d7d636678a808b \
    --hash=sha256:7a47ce5c2288702e09dc22a44d0ee6152f2c7eda97b3c8482d826a1f3cfc7da7 \
    --hash=sha256:7a61c06b334bd99bc5ae84f1eeb36bfe01400264b3c352f968c6e30a10f9d08b \
    --hash=sha256:832c115a020e463c2f67664560449a7bea26b0c1fdd690352addad6d0a08714d \
    --hash=sha256:9322b9f8656782414b37e6af884146869d46ab85158201d82bab9abbcb971dc7 \
    --hash=sha256:963a08f3bebd8b75ac57661045402da15991468a621f014be54e50f53a58d19e \
    --hash=sha256:9e5825ba2c9998375530504578fd4d5d1059d09621a02065d1b6bfc41a8e05ab \
    --hash=sha256:acec55bb7c90f1dfc476126f9711a8e81c9af7fb617409a9ee2953115343f08d \
    --hash=sha256:adedc4a67e15327dfdd04884873c6d5a01d3e3b6f61406f99b1ed4865a2f6d28 \
    --hash=sha256:af43b8711a8264bb4e7d6d9a6d004c3a2019c04c01127a868709ec29962b6036 \
    --hash=sha256:b35c13ce241abdd44cb8ca70683f20c0c079728a36a996297adb5334adfc1c44 \
    --hash=sha256:b63daa43d82f0cdabf98dee215b375b4058cce72871fd07934f179885aad16e8 \
    --hash=sha256:c8565e3cdc1808b1a34714b553b262c5de5fbda202285782173ec137fd13709f \
    --hash=sha256:cf9cba6f5b78a2071ec6fb1e7bd39acf35071d90a81231d67e92d637776a6a63 \
    --hash=sha256:d2d085ded05278d1c7f65560aae97b3160aeb2ea2c0b3e26204856beccb60888 \
    --hash=sha256:e310f77e41941c13340a95976fe66a8a95b01e783d430eeaf7a2f87e0a57dd0a \
    --hash=sha256:e7c0af964e0b4e3412a0ebf341ea26ec767fa0b4cf81abb5e897c9338b5ad6a3 \
    --hash=sha256:e99befa0b48f3cd293dafeacdd0d191804d105d279e0b387a32054c1180f3161 \
    --hash=sha256:fc1530af5c3c275b8524f2e24841cbe2599d74462455e9bae5109e9ff42e9361
    # via mitmproxy
certifi==2026.6.17 \
    --hash=sha256:024c88eeec92ca068db80f02b8b07c9cef7b9fe261d1d535abfd5abd6f6af432 \
    --hash=sha256:2227dcbaafe0d2f59279d1762ddddc37783ed4354594f194ffc31d20f41fc3db
    # via
    #   aioquic
    #   mitmproxy
cffi==2.1.0 \
    --hash=sha256:0582a58f3051372229ca8e7f5f589f9e5632678208d8636fea3676711fdf7fe5 \
    --hash=sha256:10537b1df4967ca26d21e5072d7d54188354483b91dc75058968d3f0cf13fbda \
    --hash=sha256:15faec4adfff450819f3aee0e2e02c812de6edb88203aa58807955db2003472a \
    --hash=sha256:1854b724d00f6654c742097d5387569021be12d3a0f770eae1df8f8acfcc6acd \
    --hash=sha256:1b96bfe2c4bd825681b7d311ad6d9b7280a091f43e8f63da5729638083cd3bfb \
    --hash=sha256:1e9f50d192a3e525b15a75ab5114e442d83d657b7ec29182a991bc9a88fd3a66 \
    --hash=sha256:1ff3456eab0d889592d1936d6125bbfbc7ae4d3354a700f8bd80450a66445d4d \
    --hash=sha256:2282cd5e38aa8accd03e99d1256af8411c84cdbee6a89d841b563fdbd1f3e50f \
    --hash=sha256:276f20fffd7b396e12516ba8edf9509210ac248cbbc5acbc39cd512f9f59ebe6 \
    --hash=sha256:33eb1ad83ebe8f313e0df035c406227d55a79456704a863fad9842136af5ad7d \
    --hash=sha256:379de10ce1ba048b1448599d1b37b24caee16309d1ac98d3982fc997f768700b \
    --hash=sha256:3b926723c13eba9f81d2ef3820d63aeceec3b2d4639906047bf675cb8a7a500d \
    --hash=sha256:46b1c8db8f6122420f32d02fffb924c2fe9bc772d228c7c711748fff56aabb2b \
    --hash=sha256:47ff3a8bfd8cb9da1af7524b965127095055654c177fcfc7578debcb015eecd0 \
    --hash=sha256:510aeeeac94811b138077451da1fb18b308a5feab47dd2b603af55804155e1c8 \
    --hash=sha256:5972433ad71a9e46516584ef60a0fda12d9dc459938d1539c3ddecf9bdc1368d \
    --hash=sha256:5ecbd0499275d57506d397eebe1981cee87b47fcd9ef5c22cab7ed7644a39a94 \
    --hash=sha256:63960549e4f8dc41e31accb97b975abaecfc44c03e396c093a6436763c2ea7db \
    --hash=sha256:6af371f3767faeffc6ac1ef57cdfd25844403e9d3f476c5537caee499de96376 \
    --hash=sha256:6ca4919c6e4f89aa99c42510b42cf54596892c00b3f9077f6bdd1505e24b9c8d \
    --hash=sha256:6d194185eabd279f1c05ebe3504265ddfc5ad2b58d0714f7db9f01da592e9eb6 \
    --hash=sha256:702c436735fbe99d59ada02a1f65cfc0d31c0ee8b7290912f8fbc5cd1e4b16c3 \
    --hash=sha256:716ff8ec22f20b4d988b12884086bcef0fc99737043e503f7a3935a6be99b1ea \
    --hash=sha256:78474632761faa0fb96f30b1c928c84ebcf68713cbb80d15bab09dfe61640fde \
    --hash=sha256:799416bae98336e400981ff6e532d67d5c709cfb30afb79865a1315f94b0e224 \
    --hash=sha256:7d034dcffa09e9a46c93fa3a3be402096cb5354ac6e41ab8e5cc9cd8b642ad76 \
    --hash=sha256:7d28dff1db6764108bc30788d85d61c876beff416d9a49cb9dd7c5a9f34f5804 \
    --hash=sha256:7d5980a3433d4b71a5e120f9dd551403d7824e31e2e67124fe2769c404c06913 \
    --hash=sha256:7ea6b3e2c4250ff1de21c630fe72d0f63eb95c2c32ffbf64a358cf4a8836d714 \
    --hash=sha256:8e74a6135550c4748af665b1b1118b6aab33b1fc6a16f9aff630af107c3b4512 \
    --hash=sha256:961be50688f7fba2fa65f63712d3b9b341a22311f5253460ce933f52f0de1c8c \
    --hash=sha256:98fff996e983a36d3aa2eca83af40c5821202e7e6f32d13ae94e3d2286f10cfe \
    --hash=sha256:9b8f0f26ca4e7513c534d351eca551947d053fac438f2a04ac96d882909b0d3a \
    --hash=sha256:a95b05f9baf29b91171b3a8bd2020b028835243e7b0ff6bb23e2a3c228518b1b \
    --hash=sha256:ac0f1a2d0cfa7eea3f2aaf006ab6e70e8feeb16b75d65b7e5939982ca2f11056 \
    --hash=sha256:b6422532152adf4e59b110cb2808cee7a033800952f5c036b4af047ee43199e7 \
    --hash=sha256:bf01d8c84cbea96b944c73b22182e6c7c432b3475632b8111dbfdc95ddad6e13 \
    --hash=sha256:bf5c6cf48238b0eb4c086978c492ad1cbc22373fc5b2d7353b3a598ce6db887a \
    --hash=sha256:c16914df9fb7f500e440e6875fa23ff5e0b31db01fa9c06af98d59a91f0dc2e4 \
    --hash=sha256:c351efb95e832a853a29361675f33a7ce53de1a109cd73fd47af0712213aa4ce \
    --hash=sha256:c4165821e131d6d4ca444347c2b694e2311bcfa3fe5a861cc72968f28867beac \
    --hash=sha256:c97f080ea627e2863524c5af3836e2270b5f5dfff1f104392b959f8df0c5d384 \
    --hash=sha256:d2117334c3af3bdcb9a88522b844a2bdb5efdc4f71c6c822df55486ae1c3347a \
    --hash=sha256:d53d10f7da99ae46f7373b9150393e9c5eab9b224909982b43832668de4779f5 \
    --hash=sha256:d9fafc5aa2e2a39aaf7f8cc0c1f044a9b07fca12e558dca53a3cc5c654ad67a7 \
    --hash=sha256:db3eb7d46527159a878ec3460e9d40615bc25ba337d477db681aea6e4f05c5d2 \
    --hash=sha256:dbf7c7a88e2bac086f06d14577332760bdeecc42bdec8ac4077f6260557d9326 \
    --hash=sha256:df2b82571a1b30f58a87bf4e5a9e78d2b1eff6c6ce8fd3aa3757221f93f0863f \
    --hash=sha256:eb4e8997a49aa2c08a3e43c9045d224448b8941d88e7ac163c7d383e560cbf98 \
    --hash=sha256:efc1cdd798b1aaf39b4610bba7aad28c9bea9b910f25c784ccf9ec1fa719d1f9 \
    --hash=sha256:ff067a8d8d880e7809e4ac88eb009bb848870115317b306666502ccad30b147f
    # via
    #   argon2-cffi-bindings
    #   cryptography
click==8.4.2 \
    --hash=sha256:9a6cea6e60b17ebe0a44c5cc636d94f09bd66142c1cd7d8b4cd731c4917a15f6 \
    --hash=sha256:e6f9f66136c816745b9d65817da91d61d957fb16e02e4dcd0552553c5a197b76
    # via flask
colorama==0.4.6 ; sys_platform == 'win32' \
    --hash=sha256:08695f5cb7ed6e0531a20572697297273c47b8cae5a63ffc6d6ed5c201be6e44 \
    --hash=sha256:4f1d9991f5acc0ca119f9d443620b77f9d6b33703e51011c16baf57afb285fc6
    # via click
cryptography==48.0.1 \
    --hash=sha256:09f73a725d582cef64b91281a322cd798d14a33b2b6f2b7ad9531dc336d84c02 \
    --hash=sha256:0df56b056bc17c1b7d6821dfa65216e62bd232d8ab05eb3db44e71d235651471 \
    --hash=sha256:0ee6ea481db1ab889cba043ec1eda17bb9c1ea79db6722f779c3667f9f70322f \
    --hash=sha256:15254441469dd6bf027039453288e2072124f8b6603563f5d759e1c9b69273fa \
    --hash=sha256:266f4ee051abb2f725b74ef8072b521ce1feacf685a3364fa6a6b45548db791a \
    --hash=sha256:2c37f2461406063b417837f5f3daab668652acd82423efcd7f0a9f04be972de1 \
    --hash=sha256:32143b24adb918f078134e1e230f1eb8cc04886b92c28b5f0041aaf3e5699225 \
    --hash=sha256:3752f2dbc8f07a30aad2932c986cea495b03bb554887828225da104f732852b6 \
    --hash=sha256:39489bfca54c7a1f6b297efcd8bc608ab92d16c4ca631b0cad4da46724588b24 \
    --hash=sha256:3e4a1a3232eef2e6c732827d5722db29a0cc8b27af2a4d865b094cf954be9ca1 \
    --hash=sha256:3fd2ca57062b241c856670b073487d2e86c4637937ca5601e48f97bf8e11fc8f \
    --hash=sha256:42fcd8e26fe555d9b3577a135f5091fefa0aa4e99129c23fb56787a1bd4ada72 \
    --hash=sha256:43c5835e2cb98c8733d86f57d6fc879b613f5c3478607281c3e36daffc6dd8a6 \
    --hash=sha256:48fe40804d4caa2288f24e70ca8c64c42dd826da0ad7e4f1b41b2128d679e6c8 \
    --hash=sha256:4ab0a343c807bbcd90c971cd1ecf072937cd01847a9e002bef88fb47ac6be577 \
    --hash=sha256:4fdc69f8e4316bcf0c8c8ec1f26f285d12e8142d88d96c876a59a03be3f6ae67 \
    --hash=sha256:66fd0771e7b9c6dcd44cf1120690d2338d16d72795cf40cae2786a39eba65429 \
    --hash=sha256:6b2c0c3e6ccf3ade7750f836ef3ee36eea250cc467d45c256895573ac08cc6f1 \
    --hash=sha256:869c3b8a53bfe27147832df48b32adadf558249d50e76cb3769d40e986b13265 \
    --hash=sha256:86be3b1b0b6bf09482fb50a979c508d2950ed95f5621ec77f4e385962006b83a \
    --hash=sha256:86fe77abb1bd87afb251d4d02ada7ecf53a32cee9b67d976abb2e45a13297475 \
    --hash=sha256:88c852a0ae366e262e5a1744b685e6a433dc8788dd2a277e418bf4904203609d \
    --hash=sha256:8ace4507d1e6533c125f4fac754f8bb8b6a74c08e92179dabd7e16571a3efbf3 \
    --hash=sha256:9621de99d2da096006b629979efd8ae7eb2d8b822488d0c89ee4000c306c59b1 \
    --hash=sha256:9a49ca6c81417f6a5edb50375a60cccdd70fa0a91a5211829dbea74eba94d2ac \
    --hash=sha256:9bd3f92d76217892b15df84ca256c2c113d386fdda7a7d8691aeeced976507c6 \
    --hash=sha256:9de21387aa95e2a895823d0745b430bed4f33503ba9ab5e0b5311f33e37d66d2 \
    --hash=sha256:b024e784ad6c077ee0147b35ea9cbfc1e34e1fd4c1dcca214c2794d73a12df08 \
    --hash=sha256:b4e391975f038e66432328639620a4aff2d307513b004f1ca06d6225bced815c \
    --hash=sha256:b74ca3b8e5ecdd833bf6a002ca41b4793bb27fb8f1c06ffaf2643c9e9140e31b \
    --hash=sha256:b7a2d1a937a738a881737cec135a38bb61470589b17515b9f73f571d0ae10401 \
    --hash=sha256:b9a32b876490d66c8bcc9963ef220199569748434ab01a9d6aaeabf88e7f5158 \
    --hash=sha256:bd81490cd5801d755cf97bb68ac191f14b708470b1c7cf4580f669b9c9264cd8 \
    --hash=sha256:c1400da5e32a43253392277eac7490a60e497d810a63dd5608d71bbd7af507c9 \
    --hash=sha256:d069066deead00ac7f090be101be875a06855908f7ec004c27b8fefb4acfb411 \
    --hash=sha256:d5d30989c6917b478b5817902e85fddaea2261efa8648383d965381ccb9e1ac4 \
    --hash=sha256:df637c05205ea7c1d7fbcbe54bbfea648a52951155f997af13d895d0ecc96991 \
    --hash=sha256:e361afba8918070d376df76f408a4f67fec0ee9cff81a99e48fe9a233ef59e17 \
    --hash=sha256:eb86ce1af36fe65041b6db9a8bb064ee621a7e5fded0f80d475ec243477cd242 \
    --hash=sha256:f0d27a5696721ef7a672b8c810f6aded391058e0b9486e63e6d93baf765da691 \
    --hash=sha256:f2ceef93cb096aa3c4cc4b5c94ca6131f9196d28c64d6111533402a9b2054d41 \
    --hash=sha256:f817adc181390bd54f2f700107a7419040fb7c1bdf2fc26f36551a06a68c3345 \
    --hash=sha256:fe0180af5bf9236518a087e35bf2d9a347d5f5f51e63c579d683ddff424e3d46
    # via
    #   aioquic
    #   mitmproxy
    #   pyopenssl
    #   service-identity
flask==3.1.3 \
    --hash=sha256:0ef0e52b8a9cd932855379197dd8f94047b359ca0a78695144304cb45f87c9eb \
    --hash=sha256:f4bcbefc124291925f1a26446da31a5178f9483862233b23c0c96a20701f670c
    # via mitmproxy
h11==0.16.0 \
    --hash=sha256:4e35b956cf45792e4caa5885e69fba00bdbc6ffafbfa020300e549b208ee5ff1 \
    --hash=sha256:63cf8bbe7522de3bf65932fda1d9c2772064ffb3dae62d55932da54b31cb6c86
    # via
    #   mitmproxy
    #   wsproto
h2==4.3.0 \
    --hash=sha256:6c59efe4323fa18b47a632221a1888bd7fde6249819beda254aeca909f221bf1 \
    --hash=sha256:c438f029a25f7945c69e0ccf0fb951dc3f73a5f6412981daee861431b70e2bdd
    # via mitmproxy
hpack==4.1.0 \
    --hash=sha256:157ac792668d995c657d93111f46b4535ed114f0c9c8d672271bbec7eae1b496 \
    --hash=sha256:ec5eca154f7056aa06f196a557655c5b009b382873ac8d1e66e79e87535f1dca
    # via
    #   h2
    #   maintainflow-egress-interceptor
hyperframe==6.1.0 \
    --hash=sha256:b03380493a519fce58ea5af42e4a42317bf9bd425596f7a0835ffce80f1a42e5 \
    --hash=sha256:f630908a00854a7adeabd6382b43923a4c4cd4b821fcb527e6ab9e15382a3b08
    # via
    #   h2
    #   mitmproxy
itsdangerous==2.2.0 \
    --hash=sha256:c6242fc49e35958c8b15141343aa660db5fc54d4f13a1db01a3f5891b98700ef \
    --hash=sha256:e0050c0b7da1eea53ffaf149c0cfbb5c6e2e2b69c4bef22c81fa6eb73e5f6173
    # via flask
jinja2==3.1.6 \
    --hash=sha256:0137fb05990d35f1275a587e9aee6d56da821fc83491a0fb838183be43f66d6d \
    --hash=sha256:85ece4451f492d0c13c5dd7c13a64681a86afae63a5f347908daf103ce6d2f67
    # via flask
kaitaistruct==0.11 \
    --hash=sha256:053ee764288e78b8e53acf748e9733268acbd579b8d82a427b1805453625d74b \
    --hash=sha256:5c6ce79177b4e193a577ecd359e26516d1d6d000a0bffd6e1010f2a46a62a561
    # via mitmproxy
ldap3==2.9.1 \
    --hash=sha256:5869596fc4948797020d3f03b7939da938778a0f9e2009f7a072ccf92b8e8d70 \
    --hash=sha256:f3e7fc4718e3f09dda568b57100095e0ce58633bcabbed8667ce3f8fbaa4229f
    # via mitmproxy
markupsafe==3.0.3 \
    --hash=sha256:0eb9ff8191e8498cca014656ae6b8d61f39da5f95b488805da4bb029cccbfbaf \
    --hash=sha256:1085e7fbddd3be5f89cc898938f42c0b3c711fdcb37d75221de2666af647c175 \
    --hash=sha256:116bb52f642a37c115f517494ea5feb03889e04df47eeff5b130b1808ce7c219 \
    --hash=sha256:12c63dfb4a98206f045aa9563db46507995f7ef6d83b2f68eda65c307c6829eb \
    --hash=sha256:133a43e73a802c5562be9bbcd03d090aa5a1fe899db609c29e8c8d815c5f6de6 \
    --hash=sha256:1353ef0c1b138e1907ae78e2f6c63ff67501122006b0f9abad68fda5f4ffc6ab \
    --hash=sha256:1872df69a4de6aead3491198eaf13810b565bdbeec3ae2dc8780f14458ec73ce \
    --hash=sha256:1b4b79e8ebf6b55351f0d91fe80f893b4743f104bff22e90697db1590e47a218 \
    --hash=sha256:1b52b4fb9df4eb9ae465f8d0c228a00624de2334f216f178a995ccdcf82c4634 \
    --hash=sha256:218551f6df4868a8d527e3062d0fb968682fe92054e89978594c28e642c43a73 \
    --hash=sha256:26a5784ded40c9e318cfc2bdb30fe164bdb8665ded9cd64d500a34fb42067b1c \
    --hash=sha256:2713baf880df847f2bece4230d4d094280f4e67b1e813eec43b4c0e144a34ffe \
    --hash=sha256:32001d6a8fc98c8cb5c947787c5d08b0a50663d139f1305bac5885d98d9b40fa \
    --hash=sha256:3524b778fe5cfb3452a09d31e7b5adefeea8c5be1d43c4f810ba09f2ceb29d37 \
    --hash=sha256:35add3b638a5d900e807944a078b51922212fb3dedb01633a8defc4b01a3c85f \
    --hash=sha256:3a7e8ae81ae39e62a41ec302f972ba6ae23a5c5396c8e60113e9066ef893da0d \
    --hash=sha256:457a69a9577064c05a97c41f4e65148652db078a3a509039e64d3467b9e7ef97 \
    --hash=sha256:4e885a3d1efa2eadc93c894a21770e4bc67899e3543680313b09f139e149ab19 \
    --hash=sha256:4faffd047e07c38848ce017e8725090413cd80cbc23d86e55c587bf979e579c9 \
    --hash=sha256:509fa21c6deb7a7a273d629cf5ec029bc209d1a51178615ddf718f5918992ab9 \
    --hash=sha256:5678211cb9333a6468fb8d8be0305520aa073f50d17f089b5b4b477ea6e67fdc \
    --hash=sha256:5a7d5dc5140555cf21a6fefbdbf8723f06fcd2f63ef108f2854de715e4422cb4 \
    --hash=sha256:69c0b73548bc525c8cb9a251cddf1931d1db4d2258e9599c28c07ef3580ef354 \
    --hash=sha256:722695808f4b6457b320fdc131280796bdceb04ab50fe1795cd540799ebe1698 \
    --hash=sha256:729586769a26dbceff69f7a7dbbf59ab6572b99d94576a5592625d5b411576b9 \
    --hash=sha256:77f0643abe7495da77fb436f50f8dab76dbc6e5fd25d39589a0f1fe6548bfa2b \
    --hash=sha256:795e7751525cae078558e679d646ae45574b47ed6e7771863fcc079a6171a0fc \
    --hash=sha256:7e68f88e5b8799aa49c85cd116c932a1ac15caaa3f5db09087854d218359e485 \
    --hash=sha256:83891d0e9fb81a825d9a6d61e3f07550ca70a076484292a70fde82c4b807286f \
    --hash=sha256:8485f406a96febb5140bfeca44a73e3ce5116b2501ac54fe953e488fb1d03b12 \
    --hash=sha256:8709b08f4a89aa7586de0aadc8da56180242ee0ada3999749b183aa23df95025 \
    --hash=sha256:8f71bc33915be5186016f675cd83a1e08523649b0e33efdb898db577ef5bb009 \
    --hash=sha256:915c04ba3851909ce68ccc2b8e2cd691618c4dc4c4232fb7982bca3f41fd8c3d \
    --hash=sha256:94c6f0bb423f739146aec64595853541634bde58b2135f27f61c1ffd1cd4d16a \
    --hash=sha256:9a1abfdc021a164803f4d485104931fb8f8c1efd55bc6b748d2f5774e78b62c5 \
    --hash=sha256:9b79b7a16f7fedff2495d684f2b59b0457c3b493778c9eed31111be64d58279f \
    --hash=sha256:a4afe79fb3de0b7097d81da19090f4df4f8d3a2b3adaa8764138aac2e44f3af1 \
    --hash=sha256:ad2cf8aa28b8c020ab2fc8287b0f823d0a7d8630784c31e9ee5edea20f406287 \
    --hash=sha256:b8512a91625c9b3da6f127803b166b629725e68af71f8184ae7e7d54686a56d6 \
    --hash=sha256:bdc919ead48f234740ad807933cdf545180bfbe9342c2bb451556db2ed958581 \
    --hash=sha256:bdd37121970bfd8be76c5fb069c7751683bdf373db1ed6c010162b2a130248ed \
    --hash=sha256:be8813b57049a7dc738189df53d69395eba14fb99345e0a5994914a3864c8a4b \
    --hash=sha256:c47a551199eb8eb2121d4f0f15ae0f923d31350ab9280078d1e5f12b249e0026 \
    --hash=sha256:ccfcd093f13f0f0b7fdd0f198b90053bf7b2f02a3927a30e63f3ccc9df56b676 \
    --hash=sha256:d53197da72cc091b024dd97249dfc7794d6a56530370992a5e1a08983ad9230e \
    --hash=sha256:d6dd0be5b5b189d31db7cda48b91d7e0a9795f31430b7f271219ab30f1d3ac9d \
    --hash=sha256:d88b440e37a16e651bda4c7c2b930eb586fd15ca7406cb39e211fcff3bf3017d \
    --hash=sha256:e1cf1972137e83c5d4c136c43ced9ac51d0e124706ee1c8aa8532c1287fa8795 \
    --hash=sha256:e56b7d45a839a697b5eb268c82a71bd8c7f6c94d6fd50c3d577fa39a9f1409f5 \
    --hash=sha256:e8afc3f2ccfa24215f8cb28dcf43f0113ac3c37c2f0f0806d8c70e4228c5cf4d \
    --hash=sha256:eaa9599de571d72e2daf60164784109f19978b327a3910d3e9de8c97b5b70cfe \
    --hash=sha256:ec15a59cf5af7be74194f7ab02d0f59a62bdcf1a537677ce67a2537c9b87fcda \
    --hash=sha256:f190daf01f13c72eac4efd5c430a8de82489d9cff23c364c3ea822545032993e \
    --hash=sha256:f34c41761022dd093b4b6896d4810782ffbabe30f2d443ff5f083e0cbbb8c737 \
    --hash=sha256:f3e98bb3798ead92273dc0e5fd0f31ade220f59a266ffd8a4f6065e0a3ce0523 \
    --hash=sha256:fed51ac40f757d41b7c48425901843666a6677e3e8eb0abcff09e4ba6e664f50
    # via
    #   flask
    #   jinja2
    #   werkzeug
mitmproxy==12.2.3 \
    --hash=sha256:df75ccd15ccb39ab55ce9dd4130312270e8ba208eb927a7cbe50cb52678ec722
    # via maintainflow-egress-interceptor
mitmproxy-linux==0.12.10 ; sys_platform == 'linux' \
    --hash=sha256:13ef48e41a1b803ce370ba4abe82e8246928072c9c30d66ccf9a6505aaa33899 \
    --hash=sha256:49ee8657745e40c905d81110e961f3ab995199f250c3410bd1ad3a9b7b64a96b \
    --hash=sha256:c9b2e58b1de13e94749665ac8667fc002af6e2d61ff6466d5aad330b6d3a8b38
    # via mitmproxy-rs
mitmproxy-macos==0.12.10 ; sys_platform == 'darwin' \
    --hash=sha256:17da9199682abfc1d3d43e6e246bf70376edb601c409a139d800bf0df8266e40
    # via mitmproxy-rs
mitmproxy-rs==0.12.10 \
    --hash=sha256:2248cf0215d9e3fd25106bec803161595f156f346f18a2b5c71af1e558275827 \
    --hash=sha256:2e847de1717ee8e5c9f1b4b8540f6f625fb13b0233602c00d06b849489f4edc1 \
    --hash=sha256:50c23d5fb9365fae8d45fddbd740fb69a3c8433f3fd3f596184440897abcf07a \
    --hash=sha256:6260bb8372f932c01073fe48acdb3acff41bffac4ff03f363915540230e7b2a1 \
    --hash=sha256:f9e826b9589e426b1d630d62cc075391c8dc1906e172a666ebb85ab890d4a4c1
    # via mitmproxy
mitmproxy-windows==0.12.10 ; os_name == 'nt' \
    --hash=sha256:d921445b97c98627611a0f1919f6a406bbcf575cd229de54105f4aacbb04855f
    # via mitmproxy-rs
msgpack==1.2.1 \
    --hash=sha256:020e881a764b20d8d7ca1a54fc01b8175519d108e3c3f194fddc200bda95951a \
    --hash=sha256:04c721c2c7448767e9e3f2520a475663d8ee0f09c31890f6d2bd70fd636a9647 \
    --hash=sha256:05f340e47e7e47d2da8db9b53e1bb1d294369e9ef45a747441309f6650b8351d \
    --hash=sha256:0a70e3cf2804a300d921bb0940426e35f4e489a23adfb77a808892241db0a064 \
    --hash=sha256:0adcf06ffde0777c0e1a9b771a2b1c4226ba1bbf748c8efcc02fcdeca3299107 \
    --hash=sha256:0c0d9802354507bcba62af19c17918e3eb437cc25e6f50657d511b5856a77aac \
    --hash=sha256:0e2bf9280bceb5efca998435904b5d3e9fdbcc11d90dc9df30aec7973252b720 \
    --hash=sha256:1233ee2dd0cefba127583de50ea654677277047d238303521db35def3d7b2e7c \
    --hash=sha256:196300e7e5d6e74d50f1607ab9c06c4a1484c383cd22defd727902591f7e8dde \
    --hash=sha256:20466cca18c49c7292a8984bc15d65857b171e7264bdcb5f96baf8be238791fc \
    --hash=sha256:2ef59c659f289eddf8aa6623823f19fa2f40a4029266889eac7a2505dd210c35 \
    --hash=sha256:33f14fba63278b714efe6ad07e50ea5f03d91537aa6a1c5f1ceca4cf44013ca9 \
    --hash=sha256:4202c74688ca06591f78cb18988228bd4cca2cc75d57b60008372892d2f1e6e6 \
    --hash=sha256:4227224aaec8f7fbcbfbd4272319347b2bb4030366502600f8c45588c5187b07 \
    --hash=sha256:491cc39455ca765fad51fb451bf2915eb2cf41192ab5801ce8d67c1d614fe056 \
    --hash=sha256:575957e79cd51903a4e8495a242442949641e08f1efd5197b43bebd3ea7682b4 \
    --hash=sha256:5ad5467fc3f68b5468e06c5f788d712e9f8ffc8b0cd1bcb160c105c1ee92dae7 \
    --hash=sha256:5bb9c386f0a329c035ddbab4b72d1028bf9627add8dda41070288563d57ed1b1 \
    --hash=sha256:5c24aa15d5963051e1a5c62b12c50cd705992502b5ec1f3bece6046f33c9fc24 \
    --hash=sha256:5f6277e5f783c36786a145e0247fc189a03f35f84b251646e53592d2bc12b355 \
    --hash=sha256:60926b75d00c8e816ef98f3034f484a8bc64242d66839cef4cf7e503142316a0 \
    --hash=sha256:6d09badf350af2be9d189184e04e64cf54ad93569ab3d96fca58bd3e84aad707 \
    --hash=sha256:74847557e28ce71bd3c438a447ca90e4b507e997ddbdef8a12a7b283b86c156b \
    --hash=sha256:787c9bebb5833e8f6fc8abca3c0597683d8d87f56a8842b6b89c75a5f3176e2d \
    --hash=sha256:810b916696c86ef0deb3b74588480224df4c1b071136c34183e4a2a4284d7ac7 \
    --hash=sha256:85f57e960d877f2977f6430896191b04a21f8901b3b4baf2e4604329f4db5402 \
    --hash=sha256:8b267ce94efb76fbd1b3373511420074ee3187f0f7811bf394531de13294735a \
    --hash=sha256:8c2ed1e48cc0f460bf3c7780e7137ff21a4e18433451916f2442c1b21036cd7d \
    --hash=sha256:8d00f177ca88a77c1cf848d204a38f249751650b601cb6532acc68805d8a8273 \
    --hash=sha256:98b58bdb89c46190e4609bb36abe17c6d4105ad13f9c5f8f6f64d320f8ced3fb \
    --hash=sha256:aa6c4be5d1c02a42b066ca6ddb71adf36432868fdcdb6ee87e634e86e0674190 \
    --hash=sha256:afc5febcd4c99effbc02b528e49d6fd0760b2b7d48c05239e345a5fa6e743d9a \
    --hash=sha256:b50b727bd652bdc37d950336c848ef20ec54a4cafc38dce19b1cd86ad625d0f7 \
    --hash=sha256:c1c79a604a2969a868a78b6ebd27a887e00c624f14f66b3038e0590cb23332d1 \
    --hash=sha256:ca0dacff965c47afdc3749a8469d7302a8f801d6a28758d55120d75e66ce6889 \
    --hash=sha256:d3567748a5107cb40cdf66a275430c2f87c07777698f4bfd25c35f44d533258c \
    --hash=sha256:dc871b997a9370d855b7394465f2f350e847a5b806dd38dcc9c989e7d87da155 \
    --hash=sha256:dd3bfe82d53edfe4b7fc9a7ec9761e23a7a5b1dac22264505af428253c29ed24 \
    --hash=sha256:e3dc2feb0876209d9c38aa56cb1de169bd6c4348f1aa48271f241226590993e6 \
    --hash=sha256:e4f1d0f8f98ade9634e01fb704a408f9336c0a8f1117b369f5db83dc7551d8b1 \
    --hash=sha256:ec0e675d59150a6269ddc9139087c722292664a37d071a849c05c473350f1f2d \
    --hash=sha256:f02cf17a6ca1abe29b5f980644f7551f94d71f2011509b26d8625ce038f0df64 \
    --hash=sha256:f12038a35fabd52e56a3547bab42401af49a45caa6dd00b34c44de235bc93ee2 \
    --hash=sha256:f310233ef7fb9c14e201c93639fe5f5260b005f56f0b29048e999c30935596cc \
    --hash=sha256:f9389552ecf4784886345ead0647e4edc96bee37cbab05b75540f542f766c48c
    # via
    #   maintainflow-egress-interceptor
    #   mitmproxy
publicsuffix2==2.20191221 \
    --hash=sha256:00f8cc31aa8d0d5592a5ced19cccba7de428ebca985db26ac852d920ddd6fe7b \
    --hash=sha256:786b5e36205b88758bd3518725ec8cfe7a8173f5269354641f581c6b80a99893
    # via mitmproxy
pyasn1==0.6.4 \
    --hash=sha256:9c447d8431c947fe4c8febc4ed9e760bc29011a5b01e5c74b67025bd9fb8ce81 \
    --hash=sha256:deda9277cfd454080ec40b207fb6df82206a3a2688735233cdcd8d3d565f088b
    # via ldap3
pycparser==3.0 ; implementation_name != 'PyPy' \
    --hash=sha256:600f49d217304a5902ac3c37e1281c9fe94e4d0489de643a9504c5cdfdfc6b29 \
    --hash=sha256:b727414169a36b7d524c1c3e31839a521725078d7b2ff038656844266160a992
    # via cffi
pydivert==2.1.0 ; sys_platform == 'win32' \
    --hash=sha256:382db488e3c37c03ec9ec94e061a0b24334d78dbaeebb7d4e4d32ce4355d9da1 \
    --hash=sha256:f0e150f4ff591b78e35f514e319561dadff7f24a82186a171dd4d465483de5b4
    # via mitmproxy
pylsqpack==0.3.24 \
    --hash=sha256:23b4d8af48836893beac356c10ca268161953de5bf9ed691526a93f5c82433e9 \
    --hash=sha256:54978a9879471596d84bbad5e67d727014048926bc5bb2dac0eb3701b48c5ac9 \
    --hash=sha256:6024854eb16d32803d4890fb90a73b9348c74b61c0770680aefaaa75f8456e8c \
    --hash=sha256:8da12be7b35b7c9a8cf73a4c077f72e5022a311f80a401c79904213376f2d767 \
    --hash=sha256:8ec455f44614228f89e38d40c1b1e37895620e20ec6b21e3b562fa8b79a23890 \
    --hash=sha256:8edf48d0a023cd3629b2c4aaccac9b79a46d566c0f61e7416b5678228433763d \
    --hash=sha256:b6a8bb42127d5ece8d301a673c8205df25b73b69f8c46b9f0c3034588de1789a \
    --hash=sha256:c3e2327af25ee616ce4483a8748f0957cf017cbca82d58ed15efea68f70f94ff \
    --hash=sha256:caf63ddc2e581c764d17432893acce02c5c29ff879d77c2abf1e26aa4eeb831b \
    --hash=sha256:e3dc5f146fd456b50b227858aed59faa0ff8445aa426e69bb4e50d46c487aab0 \
    --hash=sha256:e3f977d419c60c1d6c2240e6d7a52df820d37eb8c36b4057113bcd7859f53e2c \
    --hash=sha256:e7d956dbc8f7d597b237b9157d0a16bc7c655a1b031239763c18dc8582aff8cc
    # via aioquic
pyopenssl==26.2.0 \
    --hash=sha256:4f9d971bc5298b8bc1fab282803da04bf000c755d4ad9d99b52de2569ca19a70 \
    --hash=sha256:8c6fcecd1183a7fc897548dfe388b0cdb7f37e018200d8409cf33959dbe35387
    # via
    #   aioquic
    #   mitmproxy
pyparsing==3.3.2 \
    --hash=sha256:850ba148bd908d7e2411587e247a1e4f0327839c40e2e5e6d05a007ecc69911d \
    --hash=sha256:c777f4d763f140633dcb6d8a3eda953bf7a214dc4eff598413c070bcdc117cbc
    # via mitmproxy
pyperclip==1.11.0 \
    --hash=sha256:244035963e4428530d9e3a6101a1ef97209c6825edab1567beac148ccc1db1b6 \
    --hash=sha256:299403e9ff44581cb9ba2ffeed69c7aa96a008622ad0c46cb575ca75b5b84273
    # via mitmproxy
ruamel-yaml==0.19.1 \
    --hash=sha256:27592957fedf6e0b62f281e96effd28043345e0e66001f97683aa9a40c667c93 \
    --hash=sha256:53eb66cd27849eff968ebf8f0bf61f46cdac2da1d1f3576dd4ccee9b25c31993
    # via mitmproxy
service-identity==26.1.0 \
    --hash=sha256:6358c52882c96e66ac4a55eb3a72c7dd4a70763f8cc6fa4e70abde2656f4bf3b \
    --hash=sha256:68c32dadbb69135fb951077677e07cd7f6031020f3a8c8f47a28cda8a0742118
    # via aioquic
sortedcontainers==2.4.0 \
    --hash=sha256:25caa5a06cc30b6b83d11423433f65d1f9d76c4c6a0c90e3379eaa43b9bfdb88 \
    --hash=sha256:a163dcaede0f1c021485e957a39245190e74249897e2ae4b2aa38595db237ee0
    # via mitmproxy
tornado==6.5.6 \
    --hash=sha256:1c34cfab7ad6d104f052f55de06d39bbafc5885cfeb4da688803308dbcfa90b7 \
    --hash=sha256:2543597b24a695d72338a9a77818362d72387c03ae173f1f169eadc5c91466ac \
    --hash=sha256:385f35e4e22fb52551dfcda4cdc8c30c61c2c001aef5ddad99cdfe116952efd3 \
    --hash=sha256:38bc01b4acacded2de63ae78023548e41ebe6fbed3ec05a796d7ae3ad893887e \
    --hash=sha256:65fcfaafb079435c2c19dc9e07c0f1cf0fa9051759ed0a7d0a3ba7ea7f64919c \
    --hash=sha256:6739bf1e8eb09230f1280ddbd3236f0309db70f2c551a8dbc40f62babdf82f79 \
    --hash=sha256:8666946e70171b8c3f1fc9b7876fac492e84822c4c7f3746f4e8f8bc9ac92a79 \
    --hash=sha256:9a365179fe8ff6b8766f602c0f67c185d778193e9bdd828b19f0b6ed7764177d \
    --hash=sha256:b942e6a137fda31ff54bf8e6e2c8d1c37f1f50583f3ed53fb840b53b9601d104 \
    --hash=sha256:db475f1b67b2809b10bb16264829087724ca8d24fe4ed47f7b8675cae453ef86
    # via
    #   maintainflow-egress-interceptor
    #   mitmproxy
typing-extensions==4.14.0 ; python_full_version < '3.13' \
    --hash=sha256:8676b788e32f02ab42d9e7c61324048ae4c6d844a399eebace3d4979d75ceef4 \
    --hash=sha256:a1514509136dd0b477638fc68d6a91497af5076466ad0fa6c338e44e359944af
    # via
    #   mitmproxy
    #   pyopenssl
urwid==3.0.5 \
    --hash=sha256:24be27ffafdb68c09cd95dc21b60ccfd02843320b25ce5feee1708b34fad5a23 \
    --hash=sha256:f188144261224fdfc9b56b4222869bd0eac90fd7895cf1e376129cdc7e13bc84
    # via mitmproxy
wcwidth==0.8.2 \
    --hash=sha256:91fbef97204b96a3d4d421609b80340b760cf33e26da123ff243d76b1fda8dda \
    --hash=sha256:d63947694a0539a1d51e01eda7caf800c291020e6cdd7e28ad7b14dd33ad4f85
    # via urwid
werkzeug==3.1.8 \
    --hash=sha256:63a77fb8892bf28ebc3178683445222aa500e48ebad5ec77b0ad80f8726b1f50 \
    --hash=sha256:9bad61a4268dac112f1c5cd4630a56ede601b6ed420300677a869083d70a4c44
    # via flask
wsproto==1.3.2 \
    --hash=sha256:61eea322cdf56e8cc904bd3ad7573359a242ba65688716b0710a5eb12beab584 \
    --hash=sha256:b86885dcf294e15204919950f666e06ffc6c7c114ca900b060d6e16293528294
    # via mitmproxy
zstandard==0.25.0 \
    --hash=sha256:011d388c76b11a0c165374ce660ce2c8efa8e5d87f34996aa80f9c0816698b64 \
    --hash=sha256:05df5136bc5a011f33cd25bc9f506e7426c0c9b3f9954f056831ce68f3b6689f \
    --hash=sha256:0be7622c37c183406f3dbf0cba104118eb16a4ea7359eeb5752f0794882fc250 \
    --hash=sha256:10ef2a79ab8e2974e2075fb984e5b9806c64134810fac21576f0668e7ea19f8f \
    --hash=sha256:1673b7199bbe763365b81a4f3252b8e80f44c9e323fc42940dc8843bfeaf9851 \
    --hash=sha256:172de1f06947577d3a3005416977cce6168f2261284c02080e7ad0185faeced3 \
    --hash=sha256:181eb40e0b6a29b3cd2849f825e0fa34397f649170673d385f3598ae17cca2e9 \
    --hash=sha256:1869da9571d5e94a85a5e8d57e4e8807b175c9e4a6294e3b66fa4efb074d90f6 \
    --hash=sha256:1f830a0dac88719af0ae43b8b2d6aef487d437036468ef3c2ea59c51f9d55fd5 \
    --hash=sha256:223415140608d0f0da010499eaa8ccdb9af210a543fac54bce15babbcfc78439 \
    --hash=sha256:23ebc8f17a03133b4426bcc04aabd68f8236eb78c3760f12783385171b0fd8bd \
    --hash=sha256:2e54296a283f3ab5a26fc9b8b5d4978ea0532f37b231644f367aa588930aa043 \
    --hash=sha256:3a39c94ad7866160a4a46d772e43311a743c316942037671beb264e395bdd611 \
    --hash=sha256:3c83b0188c852a47cd13ef3bf9209fb0a77fa5374958b8c53aaa699398c6bd7b \
    --hash=sha256:4203ce3b31aec23012d3a4cf4a2ed64d12fea5269c49aed5e4c3611b938e4088 \
    --hash=sha256:457ed498fc58cdc12fc48f7950e02740d4f7ae9493dd4ab2168a47c93c31298e \
    --hash=sha256:474d2596a2dbc241a556e965fb76002c1ce655445e4e3bf38e5477d413165ffa \
    --hash=sha256:4f187a0bb61b35119d1926aee039524d1f93aaf38a9916b8c4b78ac8514a0aaf \
    --hash=sha256:5a56ba0db2d244117ed744dfa8f6f5b366e14148e00de44723413b2f3938a902 \
    --hash=sha256:5f5e4c2a23ca271c218ac025bd7d635597048b366d6f31f420aaeb715239fc98 \
    --hash=sha256:6a573a35693e03cf1d67799fd01b50ff578515a8aeadd4595d2a7fa9f3ec002a \
    --hash=sha256:6dffecc361d079bb48d7caef5d673c88c8988d3d33fb74ab95b7ee6da42652ea \
    --hash=sha256:7030defa83eef3e51ff26f0b7bfb229f0204b66fe18e04359ce3474ac33cbc09 \
    --hash=sha256:7149623bba7fdf7e7f24312953bcf73cae103db8cae49f8154dd1eadc8a29ecb \
    --hash=sha256:7713e1179d162cf5c7906da876ec2ccb9c3a9dcbdffef0cc7f70c3667a205f0b \
    --hash=sha256:7b3c3a3ab9daa3eed242d6ecceead93aebbb8f5f84318d82cee643e019c4b73b \
    --hash=sha256:809c5bcb2c67cd0ed81e9229d227d4ca28f82d0f778fc5fea624a9def3963f91 \
    --hash=sha256:85304a43f4d513f5464ceb938aa02c1e78c2943b29f44a750b48b25ac999a049 \
    --hash=sha256:8e735494da3db08694d26480f1493ad2cf86e99bdd53e8e9771b2752a5c0246a \
    --hash=sha256:913cbd31a400febff93b564a23e17c3ed2d56c064006f54efec210d586171c00 \
    --hash=sha256:9654dbc012d8b06fc3d19cc825af3f7bf8ae242226df5f83936cb39f5fdc846c \
    --hash=sha256:99c0c846e6e61718715a3c9437ccc625de26593fea60189567f0118dc9db7512 \
    --hash=sha256:a1a4ae2dec3993a32247995bdfe367fc3266da832d82f8438c8570f989753de1 \
    --hash=sha256:a4089a10e598eae6393756b036e0f419e8c1d60f44a831520f9af41c14216cf2 \
    --hash=sha256:a9ec8c642d1ec73287ae3e726792dd86c96f5681eb8df274a757bf62b750eae7 \
    --hash=sha256:aaf21ba8fb76d102b696781bddaa0954b782536446083ae3fdaa6f16b25a1c4b \
    --hash=sha256:bfc4e20784722098822e3eee42b8e576b379ed72cca4a7cb856ae733e62192ea \
    --hash=sha256:c19bcdd826e95671065f8692b5a4aa95c52dc7a02a4c5a0cac46deb879a017a2 \
    --hash=sha256:ca54090275939dc8ec5dea2d2afb400e0f83444b2fc24e07df7fdef677110859 \
    --hash=sha256:d7541afd73985c630bafcd6338d2518ae96060075f9463d7dc14cfb33514383d \
    --hash=sha256:da469dc041701583e34de852d8634703550348d5822e66a0c827d39b05365b12 \
    --hash=sha256:e09bb6252b6476d8d56100e8147b803befa9a12cea144bbe629dd508800d1ad0 \
    --hash=sha256:e29f0cf06974c899b2c188ef7f783607dbef36da4c242eb6c82dcd8b512855e3 \
    --hash=sha256:e96594a5537722fdfb79951672a2a63aec5ebfb823e7560586f7484819f2a08f \
    --hash=sha256:ec996f12524f88e151c339688c3897194821d7f03081ab35d31d1e12ec975e94 \
    --hash=sha256:f27662e4f7dbf9f9c12391cb37b4c4c3cb90ffbd3b1fb9284dadbbb8935fa708 \
    --hash=sha256:f604efd28f239cc21b3adb53eb061e2a205dc164be408e553b41ba2ffe0ca15c \
    --hash=sha256:f67e8f1a324a900e75b5e28ffb152bcac9fbed1cc7b43f99cd90f395c4375344 \
    --hash=sha256:fd7a5004eb1980d3cefe26b2685bcb0b17989901a70a1040d1ac86f1d898c551 \
    --hash=sha256:ffef5a74088f1e09947aecf91011136665152e0b4b359c42be3373897fb39b01
    # via mitmproxy
